
Microsoft Visual Studio Solution File, Format Version 12.00
# Visual Studio 15
VisualStudioVersion = 15.0.27703.2035
MinimumVisualStudioVersion = 10.0.40219.1
Project("{FAE04EC0-301F-11D3-BF4B-00C04F79EFBC}") = "aspweb", "aspweb\aspweb.csproj", "{EF0A8A86-1A75-440B-9539-0C5D3EE5E63C}"
EndProject
Project("{FAE04EC0-301F-11D3-BF4B-00C04F79EFBC}") = "aspweb.Tests", "aspweb.Tests\aspweb.Tests.csproj", "{BCCC655B-8F67-4DB7-A0DE-99524F23189B}"
EndProject
Global
	GlobalSection(SolutionConfigurationPlatforms) = preSolution
		Debug|Any CPU = Debug|Any CPU
		Release|Any CPU = Release|Any CPU
	EndGlobalSection
	GlobalSection(ProjectConfigurationPlatforms) = postSolution
		{EF0A8A86-1A75-440B-9539-0C5D3EE5E63C}.Debug|Any CPU.ActiveCfg = Debug|Any CPU
		{EF0A8A86-1A75-440B-9539-0C5D3EE5E63C}.Debug|Any CPU.Build.0 = Debug|Any CPU
		{EF0A8A86-1A75-440B-9539-0C5D3EE5E63C}.Release|Any CPU.ActiveCfg = Release|Any CPU
		{EF0A8A86-1A75-440B-9539-0C5D3EE5E63C}.Release|Any CPU.Build.0 = Release|Any CPU
		{BCCC655B-8F67-4DB7-A0DE-99524F23189B}.Debug|Any CPU.ActiveCfg = Debug|Any CPU
		{BCCC655B-8F67-4DB7-A0DE-99524F23189B}.Debug|Any CPU.Build.0 = Debug|Any CPU
		{BCCC655B-8F67-4DB7-A0DE-99524F23189B}.Release|Any CPU.ActiveCfg = Release|Any CPU
		{BCCC655B-8F67-4DB7-A0DE-99524F23189B}.Release|Any CPU.Build.0 = Release|Any CPU
	EndGlobalSection
	GlobalSection(SolutionProperties) = preSolution
		HideSolutionNode = FALSE
	EndGlobalSection
	GlobalSection(ExtensibilityGlobals) = postSolution
		SolutionGuid = {3F502492-7E35-4762-8EDD-C818F608A56F}
	EndGlobalSection
EndGlobal
